// !$*UTF8*$!
{
	archiveVersion = 1;
	classes = {
	};
	objectVersion = 46;
	objects = {

/* Begin PBXBuildFile section */
		88029A101A80A1A5006B6E2B /* main.m in Sources */ = {isa = PBXBuildFile; fileRef = 88029A0F1A80A1A5006B6E2B /* main.m */; };
		88029A131A80A1A5006B6E2B /* AppDelegate.m in Sources */ = {isa = PBXBuildFile; fileRef = 88029A121A80A1A5006B6E2B /* AppDelegate.m */; };
		88029A161A80A1A5006B6E2B /* ViewController.m in Sources */ = {isa = PBXBuildFile; fileRef = 88029A151A80A1A5006B6E2B /* ViewController.m */; };
		88029A191A80A1A5006B6E2B /* Main.storyboard in Resources */ = {isa = PBXBuildFile; fileRef = 88029A171A80A1A5006B6E2B /* Main.storyboard */; };
		88029A1B1A80A1A5006B6E2B /* Images.xcassets in Resources */ = {isa = PBXBuildFile; fileRef = 88029A1A1A80A1A5006B6E2B /* Images.xcassets */; };
		88029A1E1A80A1A5006B6E2B /* LaunchScreen.xib in Resources */ = {isa = PBXBuildFile; fileRef = 88029A1C1A80A1A5006B6E2B /* LaunchScreen.xib */; };
		88029A2A1A80A1A5006B6E2B /* AGS_iPOS_TypePTests.m in Sources */ = {isa = PBXBuildFile; fileRef = 88029A291A80A1A5006B6E2B /* AGS_iPOS_TypePTests.m */; };
/* End PBXBuildFile section */

/* Begin PBXContainerItemProxy section */
		88029A241A80A1A5006B6E2B /* PBXContainerItemProxy */ = {
			isa = PBXContainerItemProxy;
			containerPortal = 88029A021A80A1A5006B6E2B /* Project object */;
			proxyType = 1;
			remoteGlobalIDString = 88029A091A80A1A5006B6E2B;
			remoteInfo = AGS_iPOS_TypeP;
		};
/* End PBXContainerItemProxy section */

/* Begin PBXFileReference section */
		88029A0A1A80A1A5006B6E2B /* AGS_iPOS_TypeP.app */ = {isa = PBXFileReference; explicitFileType = wrapper.application; includeInIndex = 0; path = AGS_iPOS_TypeP.app; sourceTree = BUILT_PRODUCTS_DIR; };
		88029A0E1A80A1A5006B6E2B /* Info.plist */ = {isa = PBXFileReference; lastKnownFileType = text.plist.xml; path = Info.plist; sourceTree = "<group>"; };
		88029A0F1A80A1A5006B6E2B /* main.m */ = {isa = PBXFileReference; lastKnownFileType = sourcecode.c.objc; path = main.m; sourceTree = "<group>"; };
		88029A111A80A1A5006B6E2B /* AppDelegate.h */ = {isa = PBXFileReference; lastKnownFileType = sourcecode.c.h; path = AppDelegate.h; sourceTree = "<group>"; };
		88029A121A80A1A5006B6E2B /* AppDelegate.m */ = {isa = PBXFileReference; lastKnownFileType = sourcecode.c.objc; path = AppDelegate.m; sourceTree = "<group>"; };
		88029A141A80A1A5006B6E2B /* ViewController.h */ = {isa = PBXFileReference; lastKnownFileType = sourcecode.c.h; path = ViewController.h; sourceTree = "<group>"; };
		88029A151A80A1A5006B6E2B /* ViewController.m */ = {isa = PBXFileReference; lastKnownFileType = sourcecode.c.objc; path = ViewController.m; sourceTree = "<group>"; };
		88029A181A80A1A5006B6E2B /* Base */ = {isa = PBXFileReference; lastKnownFileType = file.storyboard; name = Base; path = Base.lproj/Main.storyboard; sourceTree = "<group>"; };
		88029A1A1A80A1A5006B6E2B /* Images.xcassets */ = {isa = PBXFileReference; lastKnownFileType = folder.assetcatalog; path = Images.xcassets; sourceTree = "<group>"; };
		88029A1D1A80A1A5006B6E2B /* Base */ = {isa = PBXFileReference; lastKnownFileType = file.xib; name = Base; path = Base.lproj/LaunchScreen.xib; sourceTree = "<group>"; };
		88029A231A80A1A5006B6E2B /* AGS_iPOS_TypePTests.xctest */ = {isa = PBXFileReference; explicitFileType = wrapper.cfbundle; includeInIndex = 0; path = AGS_iPOS_TypePTests.xctest; sourceTree = BUILT_PRODUCTS_DIR; };
		88029A281A80A1A5006B6E2B /* Info.plist */ = {isa = PBXFileReference; lastKnownFileType = text.plist.xml; path = Info.plist; sourceTree = "<group>"; };
		88029A291A80A1A5006B6E2B /* AGS_iPOS_TypePTests.m */ = {isa = PBXFileReference; lastKnownFileType = sourcecode.c.objc; path = AGS_iPOS_TypePTests.m; sourceTree = "<group>"; };
/* End PBXFileReference section */

/* Begin PBXFrameworksBuildPhase section */
		88029A071A80A1A5006B6E2B /* Frameworks */ = {
			isa = PBXFrameworksBuildPhase;
			buildActionMask = 2147483647;
			files = (
			);
			runOnlyForDeploymentPostprocessing = 0;
		};
		88029A201A80A1A5006B6E2B /* Frameworks */ = {
			isa = PBXFrameworksBuildPhase;
			buildActionMask = 2147483647;
			files = (
			);
			runOnlyForDeploymentPostprocessing = 0;
		};
/* End PBXFrameworksBuildPhase section */

/* Begin PBXGroup section */
		88029A011A80A1A5006B6E2B = {
			isa = PBXGroup;
			children = (
				88029A0C1A80A1A5006B6E2B /* AGS_iPOS_TypeP */,
				88029A261A80A1A5006B6E2B /* AGS_iPOS_TypePTests */,
				88029A0B1A80A1A5006B6E2B /* Products */,
			);
			sourceTree = "<group>";
		};
		88029A0B1A80A1A5006B6E2B /* Products */ = {
			isa = PBXGroup;
			children = (
				88029A0A1A80A1A5006B6E2B /* AGS_iPOS_TypeP.app */,
				88029A231A80A1A5006B6E2B /* AGS_iPOS_TypePTests.xctest */,
			);
			name = Products;
			sourceTree = "<group>";
		};
		88029A0C1A80A1A5006B6E2B /* AGS_iPOS_TypeP */ = {
			isa = PBXGroup;
			children = (
				88029A111A80A1A5006B6E2B /* AppDelegate.h */,
				88029A121A80A1A5006B6E2B /* AppDelegate.m */,
				88029A141A80A1A5006B6E2B /* ViewController.h */,
				88029A151A80A1A5006B6E2B /* ViewController.m */,
				88029A171A80A1A5006B6E2B /* Main.storyboard */,
				88029A1A1A80A1A5006B6E2B /* Images.xcassets */,
				88029A1C1A80A1A5006B6E2B /* LaunchScreen.xib */,
				88029A0D1A80A1A5006B6E2B /* Supporting Files */,
			);
			path = AGS_iPOS_TypeP;
			sourceTree = "<group>";
		};
		88029A0D1A80A1A5006B6E2B /* Supporting Files */ = {
			isa = PBXGroup;
			children = (
				88029A0E1A80A1A5006B6E2B /* Info.plist */,
				88029A0F1A80A1A5006B6E2B /* main.m */,
			);
			name = "Supporting Files";
			sourceTree = "<group>";
		};
		88029A261A80A1A5006B6E2B /* AGS_iPOS_TypePTests */ = {
			isa = PBXGroup;
			children = (
				88029A291A80A1A5006B6E2B /* AGS_iPOS_TypePTests.m */,
				88029A271A80A1A5006B6E2B /* Supporting Files */,
			);
			path = AGS_iPOS_TypePTests;
			sourceTree = "<group>";
		};
		88029A271A80A1A5006B6E2B /* Supporting Files */ = {
			isa = PBXGroup;
			children = (
				88029A281A80A1A5006B6E2B /* Info.plist */,
			);
			name = "Supporting Files";
			sourceTree = "<group>";
		};
/* End PBXGroup section */

/* Begin PBXNativeTarget section */
		88029A091A80A1A5006B6E2B /* AGS_iPOS_TypeP */ = {
			isa = PBXNativeTarget;
			buildConfigurationList = 88029A2D1A80A1A5006B6E2B /* Build configuration list for PBXNativeTarget "AGS_iPOS_TypeP" */;
			buildPhases = (
				88029A061A80A1A5006B6E2B /* Sources */,
				88029A071A80A1A5006B6E2B /* Frameworks */,
				88029A081A80A1A5006B6E2B /* Resources */,
			);
			buildRules = (
			);
			dependencies = (
			);
			name = AGS_iPOS_TypeP;
			productName = AGS_iPOS_TypeP;
			productReference = 88029A0A1A80A1A5006B6E2B /* AGS_iPOS_TypeP.app */;
			productType = "com.apple.product-type.application";
		};
		88029A221A80A1A5006B6E2B /* AGS_iPOS_TypePTests */ = {
			isa = PBXNativeTarget;
			buildConfigurationList = 88029A301A80A1A5006B6E2B /* Build configuration list for PBXNativeTarget "AGS_iPOS_TypePTests" */;
			buildPhases = (
				88029A1F1A80A1A5006B6E2B /* Sources */,
				88029A201A80A1A5006B6E2B /* Frameworks */,
				88029A211A80A1A5006B6E2B /* Resources */,
			);
			buildRules = (
			);
			dependencies = (
				88029A251A80A1A5006B6E2B /* PBXTargetDependency */,
			);
			name = AGS_iPOS_TypePTests;
			productName = AGS_iPOS_TypePTests;
			productReference = 88029A231A80A1A5006B6E2B /* AGS_iPOS_TypePTests.xctest */;
			productType = "com.apple.product-type.bundle.unit-test";
		};
/* End PBXNativeTarget section */

/* Begin PBXProject section */
		88029A021A80A1A5006B6E2B /* Project object */ = {
			isa = PBXProject;
			attributes = {
				LastUpgradeCheck = 0610;
				ORGANIZATIONNAME = AGS;
				TargetAttributes = {
					88029A091A80A1A5006B6E2B = {
						CreatedOnToolsVersion = 6.1.1;
					};
					88029A221A80A1A5006B6E2B = {
						CreatedOnToolsVersion = 6.1.1;
						TestTargetID = 88029A091A80A1A5006B6E2B;
					};
				};
			};
			buildConfigurationList = 88029A051A80A1A5006B6E2B /* Build configuration list for PBXProject "AGS_iPOS_TypeP" */;
			compatibilityVersion = "Xcode 3.2";
			developmentRegion = English;
			hasScannedForEncodings = 0;
			knownRegions = (
				en,
				Base,
			);
			mainGroup = 88029A011A80A1A5006B6E2B;
			productRefGroup = 88029A0B1A80A1A5006B6E2B /* Products */;
			projectDirPath = "";
			projectRoot = "";
			targets = (
				88029A091A80A1A5006B6E2B /* AGS_iPOS_TypeP */,
				88029A221A80A1A5006B6E2B /* AGS_iPOS_TypePTests */,
			);
		};
/* End PBXProject section */

/* Begin PBXResourcesBuildPhase section */
		88029A081A80A1A5006B6E2B /* Resources */ = {
			isa = PBXResourcesBuildPhase;
			buildActionMask = 2147483647;
			files = (
				88029A191A80A1A5006B6E2B /* Main.storyboard in Resources */,
				88029A1E1A80A1A5006B6E2B /* LaunchScreen.xib in Resources */,
				88029A1B1A80A1A5006B6E2B /* Images.xcassets in Resources */,
			);
			runOnlyForDeploymentPostprocessing = 0;
		};
		88029A211A80A1A5006B6E2B /* Resources */ = {
			isa = PBXResourcesBuildPhase;
			buildActionMask = 2147483647;
			files = (
			);
			runOnlyForDeploymentPostprocessing = 0;
		};
/* End PBXResourcesBuildPhase section */

/* Begin PBXSourcesBuildPhase section */
		88029A061A80A1A5006B6E2B /* Sources */ = {
			isa = PBXSourcesBuildPhase;
			buildActionMask = 2147483647;
			files = (
				88029A161A80A1A5006B6E2B /* ViewController.m in Sources */,
				88029A131A80A1A5006B6E2B /* AppDelegate.m in Sources */,
				88029A101A80A1A5006B6E2B /* main.m in Sources */,
			);
			runOnlyForDeploymentPostprocessing = 0;
		};
		88029A1F1A80A1A5006B6E2B /* Sources */ = {
			isa = PBXSourcesBuildPhase;
			buildActionMask = 2147483647;
			files = (
				88029A2A1A80A1A5006B6E2B /* AGS_iPOS_TypePTests.m in Sources */,
			);
			runOnlyForDeploymentPostprocessing = 0;
		};
/* End PBXSourcesBuildPhase section */

/* Begin PBXTargetDependency section */
		88029A251A80A1A5006B6E2B /* PBXTargetDependency */ = {
			isa = PBXTargetDependency;
			target = 88029A091A80A1A5006B6E2B /* AGS_iPOS_TypeP */;
			targetProxy = 88029A241A80A1A5006B6E2B /* PBXContainerItemProxy */;
		};
/* End PBXTargetDependency section */

/* Begin PBXVariantGroup section */
		88029A171A80A1A5006B6E2B /* Main.storyboard */ = {
			isa = PBXVariantGroup;
			children = (
				88029A181A80A1A5006B6E2B /* Base */,
			);
			name = Main.storyboard;
			sourceTree = "<group>";
		};
		88029A1C1A80A1A5006B6E2B /* LaunchScreen.xib */ = {
			isa = PBXVariantGroup;
			children = (
				88029A1D1A80A1A5006B6E2B /* Base */,
			);
			name = LaunchScreen.xib;
			sourceTree = "<group>";
		};
/* End PBXVariantGroup section */

/* Begin XCBuildConfiguration section */
		88029A2B1A80A1A5006B6E2B /* Debug */ = {
			isa = XCBuildConfiguration;
			buildSettings = {
				ALWAYS_SEARCH_USER_PATHS = NO;
				CLANG_CXX_LANGUAGE_STANDARD = "gnu++0x";
				CLANG_CXX_LIBRARY = "libc++";
				CLANG_ENABLE_MODULES = YES;
				CLANG_ENABLE_OBJC_ARC = YES;
				CLANG_WARN_BOOL_CONVERSION = YES;
				CLANG_WARN_CONSTANT_CONVERSION = YES;
				CLANG_WARN_DIRECT_OBJC_ISA_USAGE = YES_ERROR;
				CLANG_WARN_EMPTY_BODY = YES;
				CLANG_WARN_ENUM_CONVERSION = YES;
				CLANG_WARN_INT_CONVERSION = YES;
				CLANG_WARN_OBJC_ROOT_CLASS = YES_ERROR;
				CLANG_WARN_UNREACHABLE_CODE = YES;
				CLANG_WARN__DUPLICATE_METHOD_MATCH = YES;
				"CODE_SIGN_IDENTITY[sdk=iphoneos*]" = "iPhone Developer";
				COPY_PHASE_STRIP = NO;
				ENABLE_STRICT_OBJC_MSGSEND = YES;
				GCC_C_LANGUAGE_STANDARD = gnu99;
				GCC_DYNAMIC_NO_PIC = NO;
				GCC_OPTIMIZATION_LEVEL = 0;
				GCC_PREPROCESSOR_DEFINITIONS = (
					"DEBUG=1",
					"$(inherited)",
				);
				GCC_SYMBOLS_PRIVATE_EXTERN = NO;
				GCC_WARN_64_TO_32_BIT_CONVERSION = YES;
				GCC_WARN_ABOUT_RETURN_TYPE = YES_ERROR;
				GCC_WARN_UNDECLARED_SELECTOR = YES;
				GCC_WARN_UNINITIALIZED_AUTOS = YES_AGGRESSIVE;
				GCC_WARN_UNUSED_FUNCTION = YES;
				GCC_WARN_UNUSED_VARIABLE = YES;
				IPHONEOS_DEPLOYMENT_TARGET = 8.1;
				MTL_ENABLE_DEBUG_INFO = YES;
				ONLY_ACTIVE_ARCH = YES;
				SDKROOT = iphoneos;
			};
			name = Debug;
		};
		88029A2C1A80A1A5006B6E2B /* Release */ = {
			isa = XCBuildConfiguration;
			buildSettings = {
				ALWAYS_SEARCH_USER_PATHS = NO;
				CLANG_CXX_LANGUAGE_STANDARD = "gnu++0x";
				CLANG_CXX_LIBRARY = "libc++";
				CLANG_ENABLE_MODULES = YES;
				CLANG_ENABLE_OBJC_ARC = YES;
				CLANG_WARN_BOOL_CONVERSION = YES;
				CLANG_WARN_CONSTANT_CONVERSION = YES;
				CLANG_WARN_DIRECT_OBJC_ISA_USAGE = YES_ERROR;
				CLANG_WARN_EMPTY_BODY = YES;
				CLANG_WARN_ENUM_CONVERSION = YES;
				CLANG_WARN_INT_CONVERSION = YES;
				CLANG_WARN_OBJC_ROOT_CLASS = YES_ERROR;
				CLANG_WARN_UNREACHABLE_CODE = YES;
				CLANG_WARN__DUPLICATE_METHOD_MATCH = YES;
				"CODE_SIGN_IDENTITY[sdk=iphoneos*]" = "iPhone Developer";
				COPY_PHASE_STRIP = YES;
				ENABLE_NS_ASSERTIONS = NO;
				ENABLE_STRICT_OBJC_MSGSEND = YES;
				GCC_C_LANGUAGE_STANDARD = gnu99;
				GCC_WARN_64_TO_32_BIT_CONVERSION = YES;
				GCC_WARN_ABOUT_RETURN_TYPE = YES_ERROR;
				GCC_WARN_UNDECLARED_SELECTOR = YES;
				GCC_WARN_UNINITIALIZED_AUTOS = YES_AGGRESSIVE;
				GCC_WARN_UNUSED_FUNCTION = YES;
				GCC_WARN_UNUSED_VARIABLE = YES;
				IPHONEOS_DEPLOYMENT_TARGET = 8.1;
				MTL_ENABLE_DEBUG_INFO = NO;
				SDKROOT = iphoneos;
				VALIDATE_PRODUCT = YES;
			};
			name = Release;
		};
		88029A2E1A80A1A5006B6E2B /* Debug */ = {
			isa = XCBuildConfiguration;
			buildSettings = {
				ASSETCATALOG_COMPILER_APPICON_NAME = AppIcon;
				INFOPLIST_FILE = AGS_iPOS_TypeP/Info.plist;
				LD_RUNPATH_SEARCH_PATHS = "$(inherited) @executable_path/Frameworks";
				PRODUCT_NAME = "$(TARGET_NAME)";
			};
			name = Debug;
		};
		88029A2F1A80A1A5006B6E2B /* Release */ = {
			isa = XCBuildConfiguration;
			buildSettings = {
				ASSETCATALOG_COMPILER_APPICON_NAME = AppIcon;
				INFOPLIST_FILE = AGS_iPOS_TypeP/Info.plist;
				LD_RUNPATH_SEARCH_PATHS = "$(inherited) @executable_path/Frameworks";
				PRODUCT_NAME = "$(TARGET_NAME)";
			};
			name = Release;
		};
		88029A311A80A1A5006B6E2B /* Debug */ = {
			isa = XCBuildConfiguration;
			buildSettings = {
				BUNDLE_LOADER = "$(TEST_HOST)";
				FRAMEWORK_SEARCH_PATHS = (
					"$(SDKROOT)/Developer/Library/Frameworks",
					"$(inherited)",
				);
				GCC_PREPROCESSOR_DEFINITIONS = (
					"DEBUG=1",
					"$(inherited)",
				);
				INFOPLIST_FILE = AGS_iPOS_TypePTests/Info.plist;
				LD_RUNPATH_SEARCH_PATHS = "$(inherited) @executable_path/Frameworks @loader_path/Frameworks";
				PRODUCT_NAME = "$(TARGET_NAME)";
				TEST_HOST = "$(BUILT_PRODUCTS_DIR)/AGS_iPOS_TypeP.app/AGS_iPOS_TypeP";
			};
			name = Debug;
		};
		88029A321A80A1A5006B6E2B /* Release */ = {
			isa = XCBuildConfiguration;
			buildSettings = {
				BUNDLE_LOADER = "$(TEST_HOST)";
				FRAMEWORK_SEARCH_PATHS = (
					"$(SDKROOT)/Developer/Library/Frameworks",
					"$(inherited)",
				);
				INFOPLIST_FILE = AGS_iPOS_TypePTests/Info.plist;
				LD_RUNPATH_SEARCH_PATHS = "$(inherited) @executable_path/Frameworks @loader_path/Frameworks";
				PRODUCT_NAME = "$(TARGET_NAME)";
				TEST_HOST = "$(BUILT_PRODUCTS_DIR)/AGS_iPOS_TypeP.app/AGS_iPOS_TypeP";
			};
			name = Release;
		};
/* End XCBuildConfiguration section */

/* Begin XCConfigurationList section */
		88029A051A80A1A5006B6E2B /* Build configuration list for PBXProject "AGS_iPOS_TypeP" */ = {
			isa = XCConfigurationList;
			buildConfigurations = (
				88029A2B1A80A1A5006B6E2B /* Debug */,
				88029A2C1A80A1A5006B6E2B /* Release */,
			);
			defaultConfigurationIsVisible = 0;
			defaultConfigurationName = Release;
		};
		88029A2D1A80A1A5006B6E2B /* Build configuration list for PBXNativeTarget "AGS_iPOS_TypeP" */ = {
			isa = XCConfigurationList;
			buildConfigurations = (
				88029A2E1A80A1A5006B6E2B /* Debug */,
				88029A2F1A80A1A5006B6E2B /* Release */,
			);
			defaultConfigurationIsVisible = 0;
		};
		88029A301A80A1A5006B6E2B /* Build configuration list for PBXNativeTarget "AGS_iPOS_TypePTests" */ = {
			isa = XCConfigurationList;
			buildConfigurations = (
				88029A311A80A1A5006B6E2B /* Debug */,
				88029A321A80A1A5006B6E2B /* Release */,
			);
			defaultConfigurationIsVisible = 0;
		};
/* End XCConfigurationList section */
	};
	rootObject = 88029A021A80A1A5006B6E2B /* Project object */;
}
